# THIS IS AN AUTOGENERATED FILE. DO NOT EDIT THIS FILE DIRECTLY.
# yarn lockfile v1


"@next/env@12.3.7":
  version "12.3.7"
  resolved "https://registry.yarnpkg.com/@next/env/-/env-12.3.7.tgz#e706fbf66cdee012abe73aaa500d9df0b66a2db5"
  integrity sha512-gCw4sTeHoNr0EUO+Nk9Ll21OzF3PnmM0GlHaKgsY2AWQSqQlMgECvB0YI4k21M9iGy+tQ5RMyXQuoIMpzhtxww==

"@next/swc-android-arm-eabi@12.3.4":
  version "12.3.4"
  resolved "https://registry.yarnpkg.com/@next/swc-android-arm-eabi/-/swc-android-arm-eabi-12.3.4.tgz#fd1c2dafe92066c6120761c6a39d19e666dc5dd0"
  integrity sha512-cM42Cw6V4Bz/2+j/xIzO8nK/Q3Ly+VSlZJTa1vHzsocJRYz8KT6MrreXaci2++SIZCF1rVRCDgAg5PpqRibdIA==

"@next/swc-android-arm64@12.3.4":
  version "12.3.4"
  resolved "https://registry.yarnpkg.com/@next/swc-android-arm64/-/swc-android-arm64-12.3.4.tgz#11a146dae7b8bca007239b21c616e83f77b19ed4"
  integrity sha512-5jf0dTBjL+rabWjGj3eghpLUxCukRhBcEJgwLedewEA/LJk2HyqCvGIwj5rH+iwmq1llCWbOky2dO3pVljrapg==

"@next/swc-darwin-arm64@12.3.4":
  version "12.3.4"
  resolved "https://registry.yarnpkg.com/@next/swc-darwin-arm64/-/swc-darwin-arm64-12.3.4.tgz#14ac8357010c95e67327f47082af9c9d75d5be79"
  integrity sha512-DqsSTd3FRjQUR6ao0E1e2OlOcrF5br+uegcEGPVonKYJpcr0MJrtYmPxd4v5T6UCJZ+XzydF7eQo5wdGvSZAyA==

"@next/swc-darwin-x64@12.3.4":
  version "12.3.4"
  resolved "https://registry.yarnpkg.com/@next/swc-darwin-x64/-/swc-darwin-x64-12.3.4.tgz#e7dc63cd2ac26d15fb84d4d2997207fb9ba7da0f"
  integrity sha512-PPF7tbWD4k0dJ2EcUSnOsaOJ5rhT3rlEt/3LhZUGiYNL8KvoqczFrETlUx0cUYaXe11dRA3F80Hpt727QIwByQ==

"@next/swc-freebsd-x64@12.3.4":
  version "12.3.4"
  resolved "https://registry.yarnpkg.com/@next/swc-freebsd-x64/-/swc-freebsd-x64-12.3.4.tgz#fe7ceec58746fdf03f1fcb37ec1331c28e76af93"
  integrity sha512-KM9JXRXi/U2PUM928z7l4tnfQ9u8bTco/jb939pdFUHqc28V43Ohd31MmZD1QzEK4aFlMRaIBQOWQZh4D/E5lQ==

"@next/swc-linux-arm-gnueabihf@12.3.4":
  version "12.3.4"
  resolved "https://registry.yarnpkg.com/@next/swc-linux-arm-gnueabihf/-/swc-linux-arm-gnueabihf-12.3.4.tgz#d7016934d02bfc8bd69818ffb0ae364b77b17af7"
  integrity sha512-3zqD3pO+z5CZyxtKDTnOJ2XgFFRUBciOox6EWkoZvJfc9zcidNAQxuwonUeNts6Xbm8Wtm5YGIRC0x+12YH7kw==

"@next/swc-linux-arm64-gnu@12.3.4":
  version "12.3.4"
  resolved "https://registry.yarnpkg.com/@next/swc-linux-arm64-gnu/-/swc-linux-arm64-gnu-12.3.4.tgz#43a7bc409b03487bff5beb99479cacdc7bd29af5"
  integrity sha512-kiX0vgJGMZVv+oo1QuObaYulXNvdH/IINmvdZnVzMO/jic/B8EEIGlZ8Bgvw8LCjH3zNVPO3mGrdMvnEEPEhKA==

"@next/swc-linux-arm64-musl@12.3.4":
  version "12.3.4"
  resolved "https://registry.yarnpkg.com/@next/swc-linux-arm64-musl/-/swc-linux-arm64-musl-12.3.4.tgz#4d1db6de6dc982b974cd1c52937111e3e4a34bd3"
  integrity sha512-EETZPa1juczrKLWk5okoW2hv7D7WvonU+Cf2CgsSoxgsYbUCZ1voOpL4JZTOb6IbKMDo6ja+SbY0vzXZBUMvkQ==

"@next/swc-linux-x64-gnu@12.3.4":
  version "12.3.4"
  resolved "https://registry.yarnpkg.com/@next/swc-linux-x64-gnu/-/swc-linux-x64-gnu-12.3.4.tgz#c3b414d77bab08b35f7dd8943d5586f0adb15e38"
  integrity sha512-4csPbRbfZbuWOk3ATyWcvVFdD9/Rsdq5YHKvRuEni68OCLkfy4f+4I9OBpyK1SKJ00Cih16NJbHE+k+ljPPpag==

"@next/swc-linux-x64-musl@12.3.4":
  version "12.3.4"
  resolved "https://registry.yarnpkg.com/@next/swc-linux-x64-musl/-/swc-linux-x64-musl-12.3.4.tgz#187a883ec09eb2442a5ebf126826e19037313c61"
  integrity sha512-YeBmI+63Ro75SUiL/QXEVXQ19T++58aI/IINOyhpsRL1LKdyfK/35iilraZEFz9bLQrwy1LYAR5lK200A9Gjbg==

"@next/swc-win32-arm64-msvc@12.3.4":
  version "12.3.4"
  resolved "https://registry.yarnpkg.com/@next/swc-win32-arm64-msvc/-/swc-win32-arm64-msvc-12.3.4.tgz#89befa84e453ed2ef9a888f375eba565a0fde80b"
  integrity sha512-Sd0qFUJv8Tj0PukAYbCCDbmXcMkbIuhnTeHm9m4ZGjCf6kt7E/RMs55Pd3R5ePjOkN7dJEuxYBehawTR/aPDSQ==

"@next/swc-win32-ia32-msvc@12.3.4":
  version "12.3.4"
  resolved "https://registry.yarnpkg.com/@next/swc-win32-ia32-msvc/-/swc-win32-ia32-msvc-12.3.4.tgz#cb50c08f0e40ead63642a7f269f0c8254261f17c"
  integrity sha512-rt/vv/vg/ZGGkrkKcuJ0LyliRdbskQU+91bje+PgoYmxTZf/tYs6IfbmgudBJk6gH3QnjHWbkphDdRQrseRefQ==

"@next/swc-win32-x64-msvc@12.3.4":
  version "12.3.4"
  resolved "https://registry.yarnpkg.com/@next/swc-win32-x64-msvc/-/swc-win32-x64-msvc-12.3.4.tgz#d28ea15a72cdcf96201c60a43e9630cd7fda168f"
  integrity sha512-DQ20JEfTBZAgF8QCjYfJhv2/279M6onxFjdG/+5B0Cyj00/EdBxiWb2eGGFgQhrBbNv/lsvzFbbi0Ptf8Vw/bg==

"@parcel/watcher-android-arm64@2.5.1":
  version "2.5.1"
  resolved "https://registry.yarnpkg.com/@parcel/watcher-android-arm64/-/watcher-android-arm64-2.5.1.tgz#507f836d7e2042f798c7d07ad19c3546f9848ac1"
  integrity sha512-KF8+j9nNbUN8vzOFDpRMsaKBHZ/mcjEjMToVMJOhTozkDonQFFrRcfdLWn6yWKCmJKmdVxSgHiYvTCef4/qcBA==

"@parcel/watcher-darwin-arm64@2.5.1":
  version "2.5.1"
  resolved "https://registry.yarnpkg.com/@parcel/watcher-darwin-arm64/-/watcher-darwin-arm64-2.5.1.tgz#3d26dce38de6590ef79c47ec2c55793c06ad4f67"
  integrity sha512-eAzPv5osDmZyBhou8PoF4i6RQXAfeKL9tjb3QzYuccXFMQU0ruIc/POh30ePnaOyD1UXdlKguHBmsTs53tVoPw==

"@parcel/watcher-darwin-x64@2.5.1":
  version "2.5.1"
  resolved "https://registry.yarnpkg.com/@parcel/watcher-darwin-x64/-/watcher-darwin-x64-2.5.1.tgz#99f3af3869069ccf774e4ddfccf7e64fd2311ef8"
  integrity sha512-1ZXDthrnNmwv10A0/3AJNZ9JGlzrF82i3gNQcWOzd7nJ8aj+ILyW1MTxVk35Db0u91oD5Nlk9MBiujMlwmeXZg==

"@parcel/watcher-freebsd-x64@2.5.1":
  version "2.5.1"
  resolved "https://registry.yarnpkg.com/@parcel/watcher-freebsd-x64/-/watcher-freebsd-x64-2.5.1.tgz#14d6857741a9f51dfe51d5b08b7c8afdbc73ad9b"
  integrity sha512-SI4eljM7Flp9yPuKi8W0ird8TI/JK6CSxju3NojVI6BjHsTyK7zxA9urjVjEKJ5MBYC+bLmMcbAWlZ+rFkLpJQ==

"@parcel/watcher-linux-arm-glibc@2.5.1":
  version "2.5.1"
  resolved "https://registry.yarnpkg.com/@parcel/watcher-linux-arm-glibc/-/watcher-linux-arm-glibc-2.5.1.tgz#43c3246d6892381db473bb4f663229ad20b609a1"
  integrity sha512-RCdZlEyTs8geyBkkcnPWvtXLY44BCeZKmGYRtSgtwwnHR4dxfHRG3gR99XdMEdQ7KeiDdasJwwvNSF5jKtDwdA==

"@parcel/watcher-linux-arm-musl@2.5.1":
  version "2.5.1"
  resolved "https://registry.yarnpkg.com/@parcel/watcher-linux-arm-musl/-/watcher-linux-arm-musl-2.5.1.tgz#663750f7090bb6278d2210de643eb8a3f780d08e"
  integrity sha512-6E+m/Mm1t1yhB8X412stiKFG3XykmgdIOqhjWj+VL8oHkKABfu/gjFj8DvLrYVHSBNC+/u5PeNrujiSQ1zwd1Q==

"@parcel/watcher-linux-arm64-glibc@2.5.1":
  version "2.5.1"
  resolved "https://registry.yarnpkg.com/@parcel/watcher-linux-arm64-glibc/-/watcher-linux-arm64-glibc-2.5.1.tgz#ba60e1f56977f7e47cd7e31ad65d15fdcbd07e30"
  integrity sha512-LrGp+f02yU3BN9A+DGuY3v3bmnFUggAITBGriZHUREfNEzZh/GO06FF5u2kx8x+GBEUYfyTGamol4j3m9ANe8w==

"@parcel/watcher-linux-arm64-musl@2.5.1":
  version "2.5.1"
  resolved "https://registry.yarnpkg.com/@parcel/watcher-linux-arm64-musl/-/watcher-linux-arm64-musl-2.5.1.tgz#f7fbcdff2f04c526f96eac01f97419a6a99855d2"
  integrity sha512-cFOjABi92pMYRXS7AcQv9/M1YuKRw8SZniCDw0ssQb/noPkRzA+HBDkwmyOJYp5wXcsTrhxO0zq1U11cK9jsFg==

"@parcel/watcher-linux-x64-glibc@2.5.1":
  version "2.5.1"
  resolved "https://registry.yarnpkg.com/@parcel/watcher-linux-x64-glibc/-/watcher-linux-x64-glibc-2.5.1.tgz#4d2ea0f633eb1917d83d483392ce6181b6a92e4e"
  integrity sha512-GcESn8NZySmfwlTsIur+49yDqSny2IhPeZfXunQi48DMugKeZ7uy1FX83pO0X22sHntJ4Ub+9k34XQCX+oHt2A==

"@parcel/watcher-linux-x64-musl@2.5.1":
  version "2.5.1"
  resolved "https://registry.yarnpkg.com/@parcel/watcher-linux-x64-musl/-/watcher-linux-x64-musl-2.5.1.tgz#277b346b05db54f55657301dd77bdf99d63606ee"
  integrity sha512-n0E2EQbatQ3bXhcH2D1XIAANAcTZkQICBPVaxMeaCVBtOpBZpWJuf7LwyWPSBDITb7In8mqQgJ7gH8CILCURXg==

"@parcel/watcher-win32-arm64@2.5.1":
  version "2.5.1"
  resolved "https://registry.yarnpkg.com/@parcel/watcher-win32-arm64/-/watcher-win32-arm64-2.5.1.tgz#7e9e02a26784d47503de1d10e8eab6cceb524243"
  integrity sha512-RFzklRvmc3PkjKjry3hLF9wD7ppR4AKcWNzH7kXR7GUe0Igb3Nz8fyPwtZCSquGrhU5HhUNDr/mKBqj7tqA2Vw==

"@parcel/watcher-win32-ia32@2.5.1":
  version "2.5.1"
  resolved "https://registry.yarnpkg.com/@parcel/watcher-win32-ia32/-/watcher-win32-ia32-2.5.1.tgz#2d0f94fa59a873cdc584bf7f6b1dc628ddf976e6"
  integrity sha512-c2KkcVN+NJmuA7CGlaGD1qJh1cLfDnQsHjE89E60vUEMlqduHGCdCLJCID5geFVM0dOtA3ZiIO8BoEQmzQVfpQ==

"@parcel/watcher-win32-x64@2.5.1":
  version "2.5.1"
  resolved "https://registry.yarnpkg.com/@parcel/watcher-win32-x64/-/watcher-win32-x64-2.5.1.tgz#ae52693259664ba6f2228fa61d7ee44b64ea0947"
  integrity sha512-9lHBdJITeNR++EvSQVUcaZoWupyHfXe1jZvGZ06O/5MflPcuPLtEphScIBL+AiCWBO46tDSHzWyD0uDmmZqsgA==

"@parcel/watcher@^2.4.1":
  version "2.5.1"
  resolved "https://registry.yarnpkg.com/@parcel/watcher/-/watcher-2.5.1.tgz#342507a9cfaaf172479a882309def1e991fb1200"
  integrity sha512-dfUnCxiN9H4ap84DvD2ubjw+3vUNpstxa0TneY/Paat8a3R4uQZDLSvWjmznAY/DoahqTHl9V46HF/Zs3F29pg==
  dependencies:
    detect-libc "^1.0.3"
    is-glob "^4.0.3"
    micromatch "^4.0.5"
    node-addon-api "^7.0.0"
  optionalDependencies:
    "@parcel/watcher-android-arm64" "2.5.1"
    "@parcel/watcher-darwin-arm64" "2.5.1"
    "@parcel/watcher-darwin-x64" "2.5.1"
    "@parcel/watcher-freebsd-x64" "2.5.1"
    "@parcel/watcher-linux-arm-glibc" "2.5.1"
    "@parcel/watcher-linux-arm-musl" "2.5.1"
    "@parcel/watcher-linux-arm64-glibc" "2.5.1"
    "@parcel/watcher-linux-arm64-musl" "2.5.1"
    "@parcel/watcher-linux-x64-glibc" "2.5.1"
    "@parcel/watcher-linux-x64-musl" "2.5.1"
    "@parcel/watcher-win32-arm64" "2.5.1"
    "@parcel/watcher-win32-ia32" "2.5.1"
    "@parcel/watcher-win32-x64" "2.5.1"

"@swc/helpers@0.4.11":
  version "0.4.11"
  resolved "https://registry.yarnpkg.com/@swc/helpers/-/helpers-0.4.11.tgz#db23a376761b3d31c26502122f349a21b592c8de"
  integrity sha512-rEUrBSGIoSFuYxwBYtlUFMlE2CwGhmW+w9355/5oduSw8e5h2+Tj4UrAGNNgP9915++wj5vkQo0UuOBqOAq4nw==
  dependencies:
    tslib "^2.4.0"

braces@^3.0.3:
  version "3.0.3"
  resolved "https://registry.yarnpkg.com/braces/-/braces-3.0.3.tgz#490332f40919452272d55a8480adc0c441358789"
  integrity sha512-yQbXgO/OSZVD2IsiLlro+7Hf6Q18EJrKSEsdoMzKePKXct3gvD8oLcOQdIzGupr5Fj+EDe8gO/lxc1BzfMpxvA==
  dependencies:
    fill-range "^7.1.1"

caniuse-lite@^1.0.30001406:
  version "1.0.30001726"
  resolved "https://registry.yarnpkg.com/caniuse-lite/-/caniuse-lite-1.0.30001726.tgz#a15bd87d5a4bf01f6b6f70ae7c97fdfd28b5ae47"
  integrity sha512-VQAUIUzBiZ/UnlM28fSp2CRF3ivUn1BWEvxMcVTNwpw91Py1pGbPIyIKtd+tzct9C3ouceCVdGAXxZOpZAsgdw==

chokidar@^4.0.0:
  version "4.0.3"
  resolved "https://registry.yarnpkg.com/chokidar/-/chokidar-4.0.3.tgz#7be37a4c03c9aee1ecfe862a4a23b2c70c205d30"
  integrity sha512-Qgzu8kfBvo+cA4962jnP1KkS6Dop5NS6g7R5LFYJr4b8Ub94PPQXUksCw9PvXoeXPRRddRNC5C1JQUR2SMGtnA==
  dependencies:
    readdirp "^4.0.1"

classnames@^2.3.2:
  version "2.5.1"
  resolved "https://registry.yarnpkg.com/classnames/-/classnames-2.5.1.tgz#ba774c614be0f016da105c858e7159eae8e7687b"
  integrity sha512-saHYOzhIQs6wy2sVxTM6bUDsQO4F50V9RQ22qBpEdCW+I+/Wmke2HOl6lS6dTpdxVhb88/I6+Hs+438c3lfUow==

detect-libc@^1.0.3:
  version "1.0.3"
  resolved "https://registry.yarnpkg.com/detect-libc/-/detect-libc-1.0.3.tgz#fa137c4bd698edf55cd5cd02ac559f91a4c4ba9b"
  integrity sha512-pGjwhsmsp4kL2RTz08wcOlGN83otlqHeD/Z5T8GXZB+/YcpQ/dgo+lbU8ZsGxV0HIvqqxo9l7mqYwyYMD9bKDg==

fill-range@^7.1.1:
  version "7.1.1"
  resolved "https://registry.yarnpkg.com/fill-range/-/fill-range-7.1.1.tgz#44265d3cac07e3ea7dc247516380643754a05292"
  integrity sha512-YsGpe3WHLK8ZYi4tWDg2Jy3ebRz2rXowDxnld4bkQB00cc/1Zw9AWnC0i9ztDJitivtQvaI9KaLyKrc+hBW0yg==
  dependencies:
    to-regex-range "^5.0.1"

immutable@^5.0.2:
  version "5.1.3"
  resolved "https://registry.yarnpkg.com/immutable/-/immutable-5.1.3.tgz#e6486694c8b76c37c063cca92399fa64098634d4"
  integrity sha512-+chQdDfvscSF1SJqv2gn4SRO2ZyS3xL3r7IW/wWEEzrzLisnOlKiQu5ytC/BVNcS15C39WT2Hg/bjKjDMcu+zg==

is-extglob@^2.1.1:
  version "2.1.1"
  resolved "https://registry.yarnpkg.com/is-extglob/-/is-extglob-2.1.1.tgz#a88c02535791f02ed37c76a1b9ea9773c833f8c2"
  integrity sha512-SbKbANkN603Vi4jEZv49LeVJMn4yGwsbzZworEoyEiutsN3nJYdbO36zfhGJ6QEDpOZIFkDtnq5JRxmvl3jsoQ==

is-glob@^4.0.3:
  version "4.0.3"
  resolved "https://registry.yarnpkg.com/is-glob/-/is-glob-4.0.3.tgz#64f61e42cbbb2eec2071a9dac0b28ba1e65d5084"
  integrity sha512-xelSayHH36ZgE7ZWhli7pW34hNbNl8Ojv5KVmkJD4hBdD3th8Tfk9vYasLM+mXWOZhFkgZfxhLSnrwRr4elSSg==
  dependencies:
    is-extglob "^2.1.1"

is-number@^7.0.0:
  version "7.0.0"
  resolved "https://registry.yarnpkg.com/is-number/-/is-number-7.0.0.tgz#7535345b896734d5f80c4d06c50955527a14f12b"
  integrity sha512-41Cifkg6e8TylSpdtTpeLVMqvSBEVzTttHvERD741+pnZ8ANv0004MRL43QKPDlK9cGvNp6NZWZUBlbGXYxxng==

"js-tokens@^3.0.0 || ^4.0.0":
  version "4.0.0"
  resolved "https://registry.yarnpkg.com/js-tokens/-/js-tokens-4.0.0.tgz#19203fb59991df98e3a287050d4647cdeaf32499"
  integrity sha512-RdJUflcE3cUzKiMqQgsCu06FPu9UdIJO0beYbPhHN4k6apgJtifcoCtT9bcxOpYBtpD2kCM6Sbzg4CausW/PKQ==

loose-envify@^1.1.0:
  version "1.4.0"
  resolved "https://registry.yarnpkg.com/loose-envify/-/loose-envify-1.4.0.tgz#71ee51fa7be4caec1a63839f7e682d8132d30caf"
  integrity sha512-lyuxPGr/Wfhrlem2CL/UcnUc1zcqKAImBDzukY7Y5F/yQiNdko6+fRLevlw1HgMySw7f611UIY408EtxRSoK3Q==
  dependencies:
    js-tokens "^3.0.0 || ^4.0.0"

micromatch@^4.0.5:
  version "4.0.8"
  resolved "https://registry.yarnpkg.com/micromatch/-/micromatch-4.0.8.tgz#d66fa18f3a47076789320b9b1af32bd86d9fa202"
  integrity sha512-PXwfBhYu0hBCPw8Dn0E+WDYb7af3dSLVWKi3HGv84IdF4TyFoC0ysxFd0Goxw7nSv4T/PzEJQxsYsEiFCKo2BA==
  dependencies:
    braces "^3.0.3"
    picomatch "^2.3.1"

nanoid@^3.3.4:
  version "3.3.11"
  resolved "https://registry.yarnpkg.com/nanoid/-/nanoid-3.3.11.tgz#4f4f112cefbe303202f2199838128936266d185b"
  integrity sha512-N8SpfPUnUp1bK+PMYW8qSWdl9U+wwNWI4QKxOYDy9JAro3WMX7p2OeVRF9v+347pnakNevPmiHhNmZ2HbFA76w==

next@^12.1.5:
  version "12.3.7"
  resolved "https://registry.yarnpkg.com/next/-/next-12.3.7.tgz#4a53921cdffe08e6c56d8ef19e81ffc00a60cb1a"
  integrity sha512-3PDn+u77s5WpbkUrslBP6SKLMeUj9cSx251LOt+yP9fgnqXV/ydny81xQsclz9R6RzCLONMCtwK2RvDdLa/mJQ==
  dependencies:
    "@next/env" "12.3.7"
    "@swc/helpers" "0.4.11"
    caniuse-lite "^1.0.30001406"
    postcss "8.4.14"
    styled-jsx "5.0.7"
    use-sync-external-store "1.2.0"
  optionalDependencies:
    "@next/swc-android-arm-eabi" "12.3.4"
    "@next/swc-android-arm64" "12.3.4"
    "@next/swc-darwin-arm64" "12.3.4"
    "@next/swc-darwin-x64" "12.3.4"
    "@next/swc-freebsd-x64" "12.3.4"
    "@next/swc-linux-arm-gnueabihf" "12.3.4"
    "@next/swc-linux-arm64-gnu" "12.3.4"
    "@next/swc-linux-arm64-musl" "12.3.4"
    "@next/swc-linux-x64-gnu" "12.3.4"
    "@next/swc-linux-x64-musl" "12.3.4"
    "@next/swc-win32-arm64-msvc" "12.3.4"
    "@next/swc-win32-ia32-msvc" "12.3.4"
    "@next/swc-win32-x64-msvc" "12.3.4"

node-addon-api@^7.0.0:
  version "7.1.1"
  resolved "https://registry.yarnpkg.com/node-addon-api/-/node-addon-api-7.1.1.tgz#1aba6693b0f255258a049d621329329322aad558"
  integrity sha512-5m3bsyrjFWE1xf7nz7YXdN4udnVtXK6/Yfgn5qnahL6bCkf2yKt4k3nuTKAtT4r3IG8JNR2ncsIMdZuAzJjHQQ==

picocolors@^1.0.0:
  version "1.1.1"
  resolved "https://registry.yarnpkg.com/picocolors/-/picocolors-1.1.1.tgz#3d321af3eab939b083c8f929a1d12cda81c26b6b"
  integrity sha512-xceH2snhtb5M9liqDsmEw56le376mTZkEX/jEb/RxNFyegNul7eNslCXP9FDj/Lcu0X8KEyMceP2ntpaHrDEVA==

picomatch@^2.3.1:
  version "2.3.1"
  resolved "https://registry.yarnpkg.com/picomatch/-/picomatch-2.3.1.tgz#3ba3833733646d9d3e4995946c1365a67fb07a42"
  integrity sha512-JU3teHTNjmE2VCGFzuY8EXzCDVwEqB2a8fsIvwaStHhAWJEeVd1o1QD80CU6+ZdEXXSLbSsuLwJjkCBWqRQUVA==

postcss@8.4.14:
  version "8.4.14"
  resolved "https://registry.yarnpkg.com/postcss/-/postcss-8.4.14.tgz#ee9274d5622b4858c1007a74d76e42e56fd21caf"
  integrity sha512-E398TUmfAYFPBSdzgeieK2Y1+1cpdxJx8yXbK/m57nRhKSmk1GB2tO4lbLBtlkfPQTDKfe4Xqv1ASWPpayPEig==
  dependencies:
    nanoid "^3.3.4"
    picocolors "^1.0.0"
    source-map-js "^1.0.2"

react-dom@^18.0.0:
  version "18.3.1"
  resolved "https://registry.yarnpkg.com/react-dom/-/react-dom-18.3.1.tgz#c2265d79511b57d479b3dd3fdfa51536494c5cb4"
  integrity sha512-5m4nQKp+rZRb09LNH59GM4BxTh9251/ylbKIbpe7TpGxfJ+9kv6BLkLBXIjjspbgbnIBNqlI23tRnTWT0snUIw==
  dependencies:
    loose-envify "^1.1.0"
    scheduler "^0.23.2"

react@^18.0.0:
  version "18.3.1"
  resolved "https://registry.yarnpkg.com/react/-/react-18.3.1.tgz#49ab892009c53933625bd16b2533fc754cab2891"
  integrity sha512-wS+hAgJShR0KhEvPJArfuPVN1+Hz1t0Y6n5jLrGQbkb4urgPE/0Rve+1kMB1v/oWgHgm4WIcV+i7F2pTVj+2iQ==
  dependencies:
    loose-envify "^1.1.0"

readdirp@^4.0.1:
  version "4.1.2"
  resolved "https://registry.yarnpkg.com/readdirp/-/readdirp-4.1.2.tgz#eb85801435fbf2a7ee58f19e0921b068fc69948d"
  integrity sha512-GDhwkLfywWL2s6vEjyhri+eXmfH6j1L7JE27WhqLeYzoh/A3DBaYGEj2H/HFZCn/kMfim73FXxEJTw06WtxQwg==

sass@^1.32.8:
  version "1.89.2"
  resolved "https://registry.yarnpkg.com/sass/-/sass-1.89.2.tgz#a771716aeae774e2b529f72c0ff2dfd46c9de10e"
  integrity sha512-xCmtksBKd/jdJ9Bt9p7nPKiuqrlBMBuuGkQlkhZjjQk3Ty48lv93k5Dq6OPkKt4XwxDJ7tvlfrTa1MPA9bf+QA==
  dependencies:
    chokidar "^4.0.0"
    immutable "^5.0.2"
    source-map-js ">=0.6.2 <2.0.0"
  optionalDependencies:
    "@parcel/watcher" "^2.4.1"

scheduler@^0.23.2:
  version "0.23.2"
  resolved "https://registry.yarnpkg.com/scheduler/-/scheduler-0.23.2.tgz#414ba64a3b282892e944cf2108ecc078d115cdc3"
  integrity sha512-UOShsPwz7NrMUqhR6t0hWjFduvOzbtv7toDH1/hIrfRNIDBnnBWd0CwJTGvTpngVlmwGCdP9/Zl/tVrDqcuYzQ==
  dependencies:
    loose-envify "^1.1.0"

"source-map-js@>=0.6.2 <2.0.0", source-map-js@^1.0.2:
  version "1.2.1"
  resolved "https://registry.yarnpkg.com/source-map-js/-/source-map-js-1.2.1.tgz#1ce5650fddd87abc099eda37dcff024c2667ae46"
  integrity sha512-UXWMKhLOwVKb728IUtQPXxfYU+usdybtUrK/8uGE8CQMvrhOpwvzDBwj0QhSL7MQc7vIsISBG8VQ8+IDQxpfQA==

styled-jsx@5.0.7:
  version "5.0.7"
  resolved "https://registry.yarnpkg.com/styled-jsx/-/styled-jsx-5.0.7.tgz#be44afc53771b983769ac654d355ca8d019dff48"
  integrity sha512-b3sUzamS086YLRuvnaDigdAewz1/EFYlHpYBP5mZovKEdQQOIIYq8lApylub3HHZ6xFjV051kkGU7cudJmrXEA==

to-regex-range@^5.0.1:
  version "5.0.1"
  resolved "https://registry.yarnpkg.com/to-regex-range/-/to-regex-range-5.0.1.tgz#1648c44aae7c8d988a326018ed72f5b4dd0392e4"
  integrity sha512-65P7iz6X5yEr1cwcgvQxbbIw7Uk3gOy5dIdtZ4rDveLqhrdJP+Li/Hx6tyK0NEb+2GCyneCMJiGqrADCSNk8sQ==
  dependencies:
    is-number "^7.0.0"

tslib@^2.4.0:
  version "2.8.1"
  resolved "https://registry.yarnpkg.com/tslib/-/tslib-2.8.1.tgz#612efe4ed235d567e8aba5f2a5fab70280ade83f"
  integrity sha512-oJFu94HQb+KVduSUQL7wnpmqnfmLsOA/nAh6b6EH0wCEoK0/mPeXU6c3wKDV83MkOuHPRHtSXKKU99IBazS/2w==

use-sync-external-store@1.2.0:
  version "1.2.0"
  resolved "https://registry.yarnpkg.com/use-sync-external-store/-/use-sync-external-store-1.2.0.tgz#7dbefd6ef3fe4e767a0cf5d7287aacfb5846928a"
  integrity sha512-eEgnFxGQ1Ife9bzYs6VLi8/4X6CObHMw9Qr9tPY43iKwsPw8xE8+EFsf/2cFZ5S3esXgpWgtSCtLNS41F+sKPA==
